{
  "name": "nextjs",
  "version": "0.1.0",
  "lockfileVersion": 1,
  "requires": true,
  "dependencies": {
    "pdfjs-dist": {
      "version": "2.8.335",
      "resolved": "https://registry.npmjs.org/pdfjs-dist/-/pdfjs-dist-2.8.335.tgz",
      "integrity": "sha512-2IKw7wP1RnzzWJcpkeZwF+cKROFiQext+/WburB6cgKwt9zc8rOyDH7a3FepdcciSGs8SDs/AuWe8qVx+iI6pw=="
    }
  }
}
